
Microsoft Visual Studio Solution File, Format Version 12.00
# Visual Studio Version 16
VisualStudioVersion = 16.0.30621.155
MinimumVisualStudioVersion = 10.0.40219.1
Project("{FAE04EC0-301F-11D3-BF4B-00C04F79EFBC}") = "ParserApp", "ParserApp\ParserApp.csproj", "{7D5706F8-EB06-4A7B-A784-B2E3E9187A17}"
EndProject
Global
	GlobalSection(SolutionConfigurationPlatforms) = preSolution
		Debug|Any CPU = Debug|Any CPU
		Release|Any CPU = Release|Any CPU
	EndGlobalSection
	GlobalSection(ProjectConfigurationPlatforms) = postSolution
		{7D5706F8-EB06-4A7B-A784-B2E3E9187A17}.Debug|Any CPU.ActiveCfg = Debug|Any CPU
		{7D5706F8-EB06-4A7B-A784-B2E3E9187A17}.Debug|Any CPU.Build.0 = Debug|Any CPU
		{7D5706F8-EB06-4A7B-A784-B2E3E9187A17}.Release|Any CPU.ActiveCfg = Release|Any CPU
		{7D5706F8-EB06-4A7B-A784-B2E3E9187A17}.Release|Any CPU.Build.0 = Release|Any CPU
	EndGlobalSection
	GlobalSection(SolutionProperties) = preSolution
		HideSolutionNode = FALSE
	EndGlobalSection
	GlobalSection(ExtensibilityGlobals) = postSolution
		SolutionGuid = {FC356381-EF79-4AAF-93F5-E3016410D7DE}
	EndGlobalSection
EndGlobal
